{
  "name": "Understanding-NPM",
  "lockfileVersion": 3,
  "requires": true,
  "packages": {
    "": {
      "dependencies": {
        "accessibility": "^5.1.4",
        "one-liner-joke": "^1.2.2"
      },
      "devDependencies": {
        "node": "^22.17.0"
      }
    },
    "node_modules/accessibility": {
      "version": "5.1.4",
      "resolved": "https://registry.npmjs.org/accessibility/-/accessibility-5.1.4.tgz",
      "integrity": "sha512-/mY5Qlh7hc3aTVL7qVFiN1swukPaxt9GtDAp7MW6rRDKzTdEk4Kp/EEawCuxx2wLcf8Cdk1fVyPjO6XG6gCcXQ==",
      "license": "MIT",
      "dependencies": {
        "regenerator-runtime": "^0.14.1"
      }
    },
    "node_modules/node": {
      "version": "22.17.0",
      "resolved": "https://registry.npmjs.org/node/-/node-22.17.0.tgz",
      "integrity": "sha512-cDrw3NvGAB1QUWxTEd9mX/vf+mAhe42IwBkQ7T9z2GhIPyNM+I1u32NMu9ZgNE85UDUWmIUL4oe4JylVlwvG2Q==",
      "dev": true,
      "hasInstallScript": true,
      "license": "ISC",
      "dependencies": {
        "node-bin-setup": "^1.0.0"
      },
      "bin": {
        "node": "bin/node"
      },
      "engines": {
        "npm": ">=5.0.0"
      }
    },
    "node_modules/node-bin-setup": {
      "version": "1.1.4",
      "resolved": "https://registry.npmjs.org/node-bin-setup/-/node-bin-setup-1.1.4.tgz",
      "integrity": "sha512-vWNHOne0ZUavArqPP5LJta50+S8R261Fr5SvGul37HbEDcowvLjwdvd0ZeSr0r2lTSrPxl6okq9QUw8BFGiAxA==",
      "dev": true,
      "license": "ISC"
    },
    "node_modules/one-liner-joke": {
      "version": "1.2.2",
      "resolved": "https://registry.npmjs.org/one-liner-joke/-/one-liner-joke-1.2.2.tgz",
      "integrity": "sha512-ELNnmMtLPmp3b85J0FGm7i4Q5vfqPNefj6r5oMsk9OgrC3iaccIyn8FInVSsG3nGud4XIDqUKesLcGRCxoU2Zw==",
      "license": "MIT",
      "engines": {
        "node": ">=6.0.0"
      }
    },
    "node_modules/regenerator-runtime": {
      "version": "0.14.1",
      "resolved": "https://registry.npmjs.org/regenerator-runtime/-/regenerator-runtime-0.14.1.tgz",
      "integrity": "sha512-dYnhHh0nJoMfnkZs6GmmhFknAGRrLznOu5nc9ML+EJxGvrx6H7teuevqVqCuPcPK//3eDrrjQhehXVx9cnkGdw==",
      "license": "MIT"
    }
  }
}
